{
  "requires": true,
  "lockfileVersion": 1,
  "dependencies": {
    "vee-validate": {
      "version": "3.4.5",
      "resolved": "https://registry.npmjs.org/vee-validate/-/vee-validate-3.4.5.tgz",
      "integrity": "sha512-ZEcLqOAZzSkMhDvPcTx0xcwVOijFnMW9J+BA20j+rDmo24T8RCCqVQyRwwrDrcWJZV2dRYl/yYNa2GB6UCoBvg==",
      "dev": true
    }
  }
}
